
Microsoft Visual Studio Solution File, Format Version 12.00
# Visual Studio 15
VisualStudioVersion = 15.0.28307.271
MinimumVisualStudioVersion = 10.0.40219.1
Project("{FAE04EC0-301F-11D3-BF4B-00C04F79EFBC}") = "Movie_Search_Api", "Movie_Search_Api\Movie_Search_Api.csproj", "{1D294C36-4AE7-44DF-BC16-5FA065ABB4F5}"
EndProject
Global
	GlobalSection(SolutionConfigurationPlatforms) = preSolution
		Debug|Any CPU = Debug|Any CPU
		Release|Any CPU = Release|Any CPU
	EndGlobalSection
	GlobalSection(ProjectConfigurationPlatforms) = postSolution
		{1D294C36-4AE7-44DF-BC16-5FA065ABB4F5}.Debug|Any CPU.ActiveCfg = Debug|Any CPU
		{1D294C36-4AE7-44DF-BC16-5FA065ABB4F5}.Debug|Any CPU.Build.0 = Debug|Any CPU
		{1D294C36-4AE7-44DF-BC16-5FA065ABB4F5}.Release|Any CPU.ActiveCfg = Release|Any CPU
		{1D294C36-4AE7-44DF-BC16-5FA065ABB4F5}.Release|Any CPU.Build.0 = Release|Any CPU
	EndGlobalSection
	GlobalSection(SolutionProperties) = preSolution
		HideSolutionNode = FALSE
	EndGlobalSection
	GlobalSection(ExtensibilityGlobals) = postSolution
		SolutionGuid = {5629573D-1DB0-460D-90BF-B8015808C521}
	EndGlobalSection
EndGlobal
